
Microsoft Visual Studio Solution File, Format Version 12.00
# Visual Studio Version 17
VisualStudioVersion = 17.6.33829.357
MinimumVisualStudioVersion = 10.0.40219.1
Project("{9A19103F-16F7-4668-BE54-9A1E7A4F7556}") = "ChatApp.Server", "ChatApp\Server\ChatApp.Server.csproj", "{274A9686-9B1E-4942-94EB-7E86FAF370BB}"
EndProject
Project("{9A19103F-16F7-4668-BE54-9A1E7A4F7556}") = "ChatApp.Client", "ChatApp\Client\ChatApp.Client.csproj", "{B69A0566-3FC3-4141-B400-4C71F2DB1B8D}"
EndProject
Project("{9A19103F-16F7-4668-BE54-9A1E7A4F7556}") = "ChatApp.Shared", "ChatApp\Shared\ChatApp.Shared.csproj", "{7971EC05-BB1F-4AB9-B19C-5F2E1F27515C}"
EndProject
Global
	GlobalSection(SolutionConfigurationPlatforms) = preSolution
		Debug|Any CPU = Debug|Any CPU
		Release|Any CPU = Release|Any CPU
	EndGlobalSection
	GlobalSection(ProjectConfigurationPlatforms) = postSolution
		{274A9686-9B1E-4942-94EB-7E86FAF370BB}.Debug|Any CPU.ActiveCfg = Debug|Any CPU
		{274A9686-9B1E-4942-94EB-7E86FAF370BB}.Debug|Any CPU.Build.0 = Debug|Any CPU
		{274A9686-9B1E-4942-94EB-7E86FAF370BB}.Release|Any CPU.ActiveCfg = Release|Any CPU
		{274A9686-9B1E-4942-94EB-7E86FAF370BB}.Release|Any CPU.Build.0 = Release|Any CPU
		{B69A0566-3FC3-4141-B400-4C71F2DB1B8D}.Debug|Any CPU.ActiveCfg = Debug|Any CPU
		{B69A0566-3FC3-4141-B400-4C71F2DB1B8D}.Debug|Any CPU.Build.0 = Debug|Any CPU
		{B69A0566-3FC3-4141-B400-4C71F2DB1B8D}.Release|Any CPU.ActiveCfg = Release|Any CPU
		{B69A0566-3FC3-4141-B400-4C71F2DB1B8D}.Release|Any CPU.Build.0 = Release|Any CPU
		{7971EC05-BB1F-4AB9-B19C-5F2E1F27515C}.Debug|Any CPU.ActiveCfg = Debug|Any CPU
		{7971EC05-BB1F-4AB9-B19C-5F2E1F27515C}.Debug|Any CPU.Build.0 = Debug|Any CPU
		{7971EC05-BB1F-4AB9-B19C-5F2E1F27515C}.Release|Any CPU.ActiveCfg = Release|Any CPU
		{7971EC05-BB1F-4AB9-B19C-5F2E1F27515C}.Release|Any CPU.Build.0 = Release|Any CPU
	EndGlobalSection
	GlobalSection(SolutionProperties) = preSolution
		HideSolutionNode = FALSE
	EndGlobalSection
	GlobalSection(ExtensibilityGlobals) = postSolution
		SolutionGuid = {F6E71DD4-F6EE-4EFE-8902-3B240BFC5257}
	EndGlobalSection
EndGlobal
